
Microsoft Visual Studio Solution File, Format Version 12.00
# Visual Studio Version 17
VisualStudioVersion = 17.4.33213.308
MinimumVisualStudioVersion = 10.0.40219.1
Project("{FAE04EC0-301F-11D3-BF4B-00C04F79EFBC}") = "підрахунок збитків та прибутків фірми", "підрахунок збитків та прибутків фірми\підрахунок збитків та прибутків фірми.csproj", "{88B5942E-9FF8-4D2C-8DDA-BE07E39F1513}"
EndProject
Global
	GlobalSection(SolutionConfigurationPlatforms) = preSolution
		Debug|Any CPU = Debug|Any CPU
		Release|Any CPU = Release|Any CPU
	EndGlobalSection
	GlobalSection(ProjectConfigurationPlatforms) = postSolution
		{88B5942E-9FF8-4D2C-8DDA-BE07E39F1513}.Debug|Any CPU.ActiveCfg = Debug|Any CPU
		{88B5942E-9FF8-4D2C-8DDA-BE07E39F1513}.Debug|Any CPU.Build.0 = Debug|Any CPU
		{88B5942E-9FF8-4D2C-8DDA-BE07E39F1513}.Release|Any CPU.ActiveCfg = Release|Any CPU
		{88B5942E-9FF8-4D2C-8DDA-BE07E39F1513}.Release|Any CPU.Build.0 = Release|Any CPU
	EndGlobalSection
	GlobalSection(SolutionProperties) = preSolution
		HideSolutionNode = FALSE
	EndGlobalSection
	GlobalSection(ExtensibilityGlobals) = postSolution
		SolutionGuid = {C3F502E8-2109-4700-B45F-C69CA366E8BB}
	EndGlobalSection
EndGlobal
